
Microsoft Visual Studio Solution File, Format Version 12.00
# Visual Studio 15
VisualStudioVersion = 15.0.26730.16
MinimumVisualStudioVersion = 10.0.40219.1
Project("{9A19103F-16F7-4668-BE54-9A1E7A4F7556}") = "Api", "Api\Api.csproj", "{8AC6AEA3-F94F-457C-B60B-2EE93C9CA10F}"
EndProject
Project("{9A19103F-16F7-4668-BE54-9A1E7A4F7556}") = "JiraRestApi", "JiraRestApi\JiraRestApi.csproj", "{819E5134-B931-4562-BB89-A0B309FBE090}"
EndProject
Project("{FAE04EC0-301F-11D3-BF4B-00C04F79EFBC}") = "Bussiness", "Bussiness\Bussiness.csproj", "{E0B2ABF4-47E2-4199-8B58-5E943114D290}"
EndProject
Global
	GlobalSection(SolutionConfigurationPlatforms) = preSolution
		Debug|Any CPU = Debug|Any CPU
		Release|Any CPU = Release|Any CPU
	EndGlobalSection
	GlobalSection(ProjectConfigurationPlatforms) = postSolution
		{8AC6AEA3-F94F-457C-B60B-2EE93C9CA10F}.Debug|Any CPU.ActiveCfg = Debug|Any CPU
		{8AC6AEA3-F94F-457C-B60B-2EE93C9CA10F}.Debug|Any CPU.Build.0 = Debug|Any CPU
		{8AC6AEA3-F94F-457C-B60B-2EE93C9CA10F}.Release|Any CPU.ActiveCfg = Release|Any CPU
		{8AC6AEA3-F94F-457C-B60B-2EE93C9CA10F}.Release|Any CPU.Build.0 = Release|Any CPU
		{819E5134-B931-4562-BB89-A0B309FBE090}.Debug|Any CPU.ActiveCfg = Debug|Any CPU
		{819E5134-B931-4562-BB89-A0B309FBE090}.Debug|Any CPU.Build.0 = Debug|Any CPU
		{819E5134-B931-4562-BB89-A0B309FBE090}.Release|Any CPU.ActiveCfg = Release|Any CPU
		{819E5134-B931-4562-BB89-A0B309FBE090}.Release|Any CPU.Build.0 = Release|Any CPU
		{E0B2ABF4-47E2-4199-8B58-5E943114D290}.Debug|Any CPU.ActiveCfg = Debug|Any CPU
		{E0B2ABF4-47E2-4199-8B58-5E943114D290}.Debug|Any CPU.Build.0 = Debug|Any CPU
		{E0B2ABF4-47E2-4199-8B58-5E943114D290}.Release|Any CPU.ActiveCfg = Release|Any CPU
		{E0B2ABF4-47E2-4199-8B58-5E943114D290}.Release|Any CPU.Build.0 = Release|Any CPU
	EndGlobalSection
	GlobalSection(SolutionProperties) = preSolution
		HideSolutionNode = FALSE
	EndGlobalSection
	GlobalSection(ExtensibilityGlobals) = postSolution
		SolutionGuid = {5D2A61D5-EE88-4661-B6A7-3B80D9254AAA}
	EndGlobalSection
EndGlobal
